
Microsoft Visual Studio Solution File, Format Version 12.00
# Visual Studio Version 16
VisualStudioVersion = 16.0.31624.102
MinimumVisualStudioVersion = 10.0.40219.1
Project("{FAE04EC0-301F-11D3-BF4B-00C04F79EFBC}") = "Bibliotekapplikationen", "Bibliotekapplikationen.csproj", "{CF3BFAE7-234A-4268-BD46-6EED5619EE04}"
EndProject
Global
	GlobalSection(SolutionConfigurationPlatforms) = preSolution
		Debug|Any CPU = Debug|Any CPU
		Release|Any CPU = Release|Any CPU
	EndGlobalSection
	GlobalSection(ProjectConfigurationPlatforms) = postSolution
		{CF3BFAE7-234A-4268-BD46-6EED5619EE04}.Debug|Any CPU.ActiveCfg = Debug|Any CPU
		{CF3BFAE7-234A-4268-BD46-6EED5619EE04}.Debug|Any CPU.Build.0 = Debug|Any CPU
		{CF3BFAE7-234A-4268-BD46-6EED5619EE04}.Release|Any CPU.ActiveCfg = Release|Any CPU
		{CF3BFAE7-234A-4268-BD46-6EED5619EE04}.Release|Any CPU.Build.0 = Release|Any CPU
	EndGlobalSection
	GlobalSection(SolutionProperties) = preSolution
		HideSolutionNode = FALSE
	EndGlobalSection
	GlobalSection(ExtensibilityGlobals) = postSolution
		SolutionGuid = {A6239F5F-E3E5-405B-B7AF-109E0E675235}
	EndGlobalSection
EndGlobal
